
Microsoft Visual Studio Solution File, Format Version 12.00
# Visual Studio 15
VisualStudioVersion = 15.0.26124.0
MinimumVisualStudioVersion = 15.0.26124.0
Project("{FAE04EC0-301F-11D3-BF4B-00C04F79EFBC}") = "Project0", "Project0\Project0.csproj", "{BA0E3E6F-172D-4E23-9433-F36C45CDAB61}"
EndProject
Project("{FAE04EC0-301F-11D3-BF4B-00C04F79EFBC}") = "Project0.Tests", "Project0.Tests\Project0.Tests.csproj", "{7E201E9D-15A8-4D1D-B4FC-8313557A0A86}"
EndProject
Global
	GlobalSection(SolutionConfigurationPlatforms) = preSolution
		Debug|Any CPU = Debug|Any CPU
		Debug|x64 = Debug|x64
		Debug|x86 = Debug|x86
		Release|Any CPU = Release|Any CPU
		Release|x64 = Release|x64
		Release|x86 = Release|x86
	EndGlobalSection
	GlobalSection(SolutionProperties) = preSolution
		HideSolutionNode = FALSE
	EndGlobalSection
	GlobalSection(ProjectConfigurationPlatforms) = postSolution
		{BA0E3E6F-172D-4E23-9433-F36C45CDAB61}.Debug|Any CPU.ActiveCfg = Debug|Any CPU
		{BA0E3E6F-172D-4E23-9433-F36C45CDAB61}.Debug|Any CPU.Build.0 = Debug|Any CPU
		{BA0E3E6F-172D-4E23-9433-F36C45CDAB61}.Debug|x64.ActiveCfg = Debug|Any CPU
		{BA0E3E6F-172D-4E23-9433-F36C45CDAB61}.Debug|x64.Build.0 = Debug|Any CPU
		{BA0E3E6F-172D-4E23-9433-F36C45CDAB61}.Debug|x86.ActiveCfg = Debug|Any CPU
		{BA0E3E6F-172D-4E23-9433-F36C45CDAB61}.Debug|x86.Build.0 = Debug|Any CPU
		{BA0E3E6F-172D-4E23-9433-F36C45CDAB61}.Release|Any CPU.ActiveCfg = Release|Any CPU
		{BA0E3E6F-172D-4E23-9433-F36C45CDAB61}.Release|Any CPU.Build.0 = Release|Any CPU
		{BA0E3E6F-172D-4E23-9433-F36C45CDAB61}.Release|x64.ActiveCfg = Release|Any CPU
		{BA0E3E6F-172D-4E23-9433-F36C45CDAB61}.Release|x64.Build.0 = Release|Any CPU
		{BA0E3E6F-172D-4E23-9433-F36C45CDAB61}.Release|x86.ActiveCfg = Release|Any CPU
		{BA0E3E6F-172D-4E23-9433-F36C45CDAB61}.Release|x86.Build.0 = Release|Any CPU
		{7E201E9D-15A8-4D1D-B4FC-8313557A0A86}.Debug|Any CPU.ActiveCfg = Debug|Any CPU
		{7E201E9D-15A8-4D1D-B4FC-8313557A0A86}.Debug|Any CPU.Build.0 = Debug|Any CPU
		{7E201E9D-15A8-4D1D-B4FC-8313557A0A86}.Debug|x64.ActiveCfg = Debug|Any CPU
		{7E201E9D-15A8-4D1D-B4FC-8313557A0A86}.Debug|x64.Build.0 = Debug|Any CPU
		{7E201E9D-15A8-4D1D-B4FC-8313557A0A86}.Debug|x86.ActiveCfg = Debug|Any CPU
		{7E201E9D-15A8-4D1D-B4FC-8313557A0A86}.Debug|x86.Build.0 = Debug|Any CPU
		{7E201E9D-15A8-4D1D-B4FC-8313557A0A86}.Release|Any CPU.ActiveCfg = Release|Any CPU
		{7E201E9D-15A8-4D1D-B4FC-8313557A0A86}.Release|Any CPU.Build.0 = Release|Any CPU
		{7E201E9D-15A8-4D1D-B4FC-8313557A0A86}.Release|x64.ActiveCfg = Release|Any CPU
		{7E201E9D-15A8-4D1D-B4FC-8313557A0A86}.Release|x64.Build.0 = Release|Any CPU
		{7E201E9D-15A8-4D1D-B4FC-8313557A0A86}.Release|x86.ActiveCfg = Release|Any CPU
		{7E201E9D-15A8-4D1D-B4FC-8313557A0A86}.Release|x86.Build.0 = Release|Any CPU
	EndGlobalSection
EndGlobal
